// !$*UTF8*$!
{
	archiveVersion = 1;
	classes = {
	};
	objectVersion = 50;
	objects = {

/* Begin PBXBuildFile section */
		EA144624223E40ED009AD76E /* Interface.storyboard in Resources */ = {isa = PBXBuildFile; fileRef = EA144622223E40ED009AD76E /* Interface.storyboard */; };
		EA144626223E40EE009AD76E /* Assets.xcassets in Resources */ = {isa = PBXBuildFile; fileRef = EA144625223E40EE009AD76E /* Assets.xcassets */; };
		EA14462D223E40EE009AD76E /* FootballScheduleWatch Extension.appex in Embed App Extensions */ = {isa = PBXBuildFile; fileRef = EA14462C223E40EE009AD76E /* FootballScheduleWatch Extension.appex */; settings = {ATTRIBUTES = (RemoveHeadersOnCopy, ); }; };
		EA144632223E40EE009AD76E /* InterfaceController.swift in Sources */ = {isa = PBXBuildFile; fileRef = EA144631223E40EE009AD76E /* InterfaceController.swift */; };
		EA144634223E40EE009AD76E /* ExtensionDelegate.swift in Sources */ = {isa = PBXBuildFile; fileRef = EA144633223E40EE009AD76E /* ExtensionDelegate.swift */; };
		EA144636223E40EE009AD76E /* NotificationController.swift in Sources */ = {isa = PBXBuildFile; fileRef = EA144635223E40EE009AD76E /* NotificationController.swift */; };
		EA144638223E40EE009AD76E /* ComplicationController.swift in Sources */ = {isa = PBXBuildFile; fileRef = EA144637223E40EE009AD76E /* ComplicationController.swift */; };
		EA14463A223E40EE009AD76E /* Assets.xcassets in Resources */ = {isa = PBXBuildFile; fileRef = EA144639223E40EE009AD76E /* Assets.xcassets */; };
		EA14463F223E40EE009AD76E /* FootballScheduleWatch.app in Embed Watch Content */ = {isa = PBXBuildFile; fileRef = EA144620223E40ED009AD76E /* FootballScheduleWatch.app */; };
		EA144649223E48CF009AD76E /* StandingRowController.swift in Sources */ = {isa = PBXBuildFile; fileRef = EA144648223E48CF009AD76E /* StandingRowController.swift */; };
		EA14464B223E4C01009AD76E /* Database.swift in Sources */ = {isa = PBXBuildFile; fileRef = EA1DE5E02223D5DC00EC8403 /* Database.swift */; };
		EA14464C223E4C01009AD76E /* Log.swift in Sources */ = {isa = PBXBuildFile; fileRef = EA1DE5DD2223D59C00EC8403 /* Log.swift */; };
		EA14464D223E4C01009AD76E /* Competition.swift in Sources */ = {isa = PBXBuildFile; fileRef = EA17F92A21FE801000A8B466 /* Competition.swift */; };
		EA14464E223E4C01009AD76E /* Match.swift in Sources */ = {isa = PBXBuildFile; fileRef = EA17F92E21FE804700A8B466 /* Match.swift */; };
		EA14464F223E4C01009AD76E /* MatchResult.swift in Sources */ = {isa = PBXBuildFile; fileRef = EA17F93221FE807000A8B466 /* MatchResult.swift */; };
		EA144650223E4C01009AD76E /* Player.swift in Sources */ = {isa = PBXBuildFile; fileRef = EA17F92621FE7F9800A8B466 /* Player.swift */; };
		EA144651223E4C01009AD76E /* Score.swift in Sources */ = {isa = PBXBuildFile; fileRef = EA17F93021FE805F00A8B466 /* Score.swift */; };
		EA144652223E4C01009AD76E /* Scorer.swift in Sources */ = {isa = PBXBuildFile; fileRef = EA17F92821FE7FB200A8B466 /* Scorer.swift */; };
		EA144653223E4C01009AD76E /* Season.swift in Sources */ = {isa = PBXBuildFile; fileRef = EA17F93421FE811A00A8B466 /* Season.swift */; };
		EA144654223E4C01009AD76E /* Standing.swift in Sources */ = {isa = PBXBuildFile; fileRef = EA17F93621FE812E00A8B466 /* Standing.swift */; };
		EA144655223E4C01009AD76E /* Standings.swift in Sources */ = {isa = PBXBuildFile; fileRef = EA17F93821FE813300A8B466 /* Standings.swift */; };
		EA144656223E4C01009AD76E /* Team.swift in Sources */ = {isa = PBXBuildFile; fileRef = EA17F92C21FE802700A8B466 /* Team.swift */; };
		EA144657223E4C01009AD76E /* ScheduleAPI.swift in Sources */ = {isa = PBXBuildFile; fileRef = EA5A62BA21F56432009CA336 /* ScheduleAPI.swift */; };
		EA144658223E4C01009AD76E /* ScorersAPI.swift in Sources */ = {isa = PBXBuildFile; fileRef = EA17F92121FE785200A8B466 /* ScorersAPI.swift */; };
		EA144659223E4C01009AD76E /* StandingsAPI.swift in Sources */ = {isa = PBXBuildFile; fileRef = EA5A62BC21F5644D009CA336 /* StandingsAPI.swift */; };
		EA14465A223E4C01009AD76E /* APIClient.swift in Sources */ = {isa = PBXBuildFile; fileRef = EA19D08C21EB2C7B00602823 /* APIClient.swift */; };
		EA14465B223E4C01009AD76E /* Result.swift in Sources */ = {isa = PBXBuildFile; fileRef = EA19D09221F3FC5700602823 /* Result.swift */; };
		EA14465C223E4C01009AD76E /* APIRequest.swift in Sources */ = {isa = PBXBuildFile; fileRef = EA19D09021F3FC3B00602823 /* APIRequest.swift */; };
		EA14465D223E4C01009AD76E /* FootballDataRequest.swift in Sources */ = {isa = PBXBuildFile; fileRef = EA19D09421F3FC8A00602823 /* FootballDataRequest.swift */; };
		EA14465E223E4C01009AD76E /* FootballDataAuthToken.swift in Sources */ = {isa = PBXBuildFile; fileRef = EA19D09621F411FB00602823 /* FootballDataAuthToken.swift */; };
		EA144660223EF45B009AD76E /* TeamScheduleViewController.swift in Sources */ = {isa = PBXBuildFile; fileRef = EA14465F223EF45B009AD76E /* TeamScheduleViewController.swift */; };
		EA144662223F79CD009AD76E /* TeamScheduleAPI.swift in Sources */ = {isa = PBXBuildFile; fileRef = EA144661223F79CD009AD76E /* TeamScheduleAPI.swift */; };
		EA144663223F79CD009AD76E /* TeamScheduleAPI.swift in Sources */ = {isa = PBXBuildFile; fileRef = EA144661223F79CD009AD76E /* TeamScheduleAPI.swift */; };
		EA17F92221FE785200A8B466 /* ScorersAPI.swift in Sources */ = {isa = PBXBuildFile; fileRef = EA17F92121FE785200A8B466 /* ScorersAPI.swift */; };
		EA17F92421FE7D9800A8B466 /* ScorersViewController.swift in Sources */ = {isa = PBXBuildFile; fileRef = EA17F92321FE7D9800A8B466 /* ScorersViewController.swift */; };
		EA17F92721FE7F9800A8B466 /* Player.swift in Sources */ = {isa = PBXBuildFile; fileRef = EA17F92621FE7F9800A8B466 /* Player.swift */; };
		EA17F92921FE7FB200A8B466 /* Scorer.swift in Sources */ = {isa = PBXBuildFile; fileRef = EA17F92821FE7FB200A8B466 /* Scorer.swift */; };
		EA17F92B21FE801000A8B466 /* Competition.swift in Sources */ = {isa = PBXBuildFile; fileRef = EA17F92A21FE801000A8B466 /* Competition.swift */; };
		EA17F92D21FE802700A8B466 /* Team.swift in Sources */ = {isa = PBXBuildFile; fileRef = EA17F92C21FE802700A8B466 /* Team.swift */; };
		EA17F92F21FE804700A8B466 /* Match.swift in Sources */ = {isa = PBXBuildFile; fileRef = EA17F92E21FE804700A8B466 /* Match.swift */; };
		EA17F93121FE805F00A8B466 /* Score.swift in Sources */ = {isa = PBXBuildFile; fileRef = EA17F93021FE805F00A8B466 /* Score.swift */; };
		EA17F93321FE807000A8B466 /* MatchResult.swift in Sources */ = {isa = PBXBuildFile; fileRef = EA17F93221FE807000A8B466 /* MatchResult.swift */; };
		EA17F93521FE811A00A8B466 /* Season.swift in Sources */ = {isa = PBXBuildFile; fileRef = EA17F93421FE811A00A8B466 /* Season.swift */; };
		EA17F93721FE812E00A8B466 /* Standing.swift in Sources */ = {isa = PBXBuildFile; fileRef = EA17F93621FE812E00A8B466 /* Standing.swift */; };
		EA17F93921FE813300A8B466 /* Standings.swift in Sources */ = {isa = PBXBuildFile; fileRef = EA17F93821FE813300A8B466 /* Standings.swift */; };
		EA17F93B220183F500A8B466 /* ScorersView.swift in Sources */ = {isa = PBXBuildFile; fileRef = EA17F93A220183F500A8B466 /* ScorersView.swift */; };
		EA17F93D220184DF00A8B466 /* ScorerTableViewCell.swift in Sources */ = {isa = PBXBuildFile; fileRef = EA17F93C220184DF00A8B466 /* ScorerTableViewCell.swift */; };
		EA19D07B21EB2C6900602823 /* AppDelegate.swift in Sources */ = {isa = PBXBuildFile; fileRef = EA19D07A21EB2C6900602823 /* AppDelegate.swift */; };
		EA19D07D21EB2C6900602823 /* ViewController.swift in Sources */ = {isa = PBXBuildFile; fileRef = EA19D07C21EB2C6900602823 /* ViewController.swift */; };
		EA19D08021EB2C6900602823 /* Main.storyboard in Resources */ = {isa = PBXBuildFile; fileRef = EA19D07E21EB2C6900602823 /* Main.storyboard */; };
		EA19D08221EB2C6D00602823 /* Assets.xcassets in Resources */ = {isa = PBXBuildFile; fileRef = EA19D08121EB2C6D00602823 /* Assets.xcassets */; };
		EA19D08521EB2C6D00602823 /* LaunchScreen.storyboard in Resources */ = {isa = PBXBuildFile; fileRef = EA19D08321EB2C6D00602823 /* LaunchScreen.storyboard */; };
		EA19D08D21EB2C7B00602823 /* APIClient.swift in Sources */ = {isa = PBXBuildFile; fileRef = EA19D08C21EB2C7B00602823 /* APIClient.swift */; };
		EA19D09121F3FC3B00602823 /* APIRequest.swift in Sources */ = {isa = PBXBuildFile; fileRef = EA19D09021F3FC3B00602823 /* APIRequest.swift */; };
		EA19D09321F3FC5700602823 /* Result.swift in Sources */ = {isa = PBXBuildFile; fileRef = EA19D09221F3FC5700602823 /* Result.swift */; };
		EA19D09521F3FC8A00602823 /* FootballDataRequest.swift in Sources */ = {isa = PBXBuildFile; fileRef = EA19D09421F3FC8A00602823 /* FootballDataRequest.swift */; };
		EA19D09721F411FB00602823 /* FootballDataAuthToken.swift in Sources */ = {isa = PBXBuildFile; fileRef = EA19D09621F411FB00602823 /* FootballDataAuthToken.swift */; };
		EA19D09921F4160400602823 /* AppTabBarController.swift in Sources */ = {isa = PBXBuildFile; fileRef = EA19D09821F4160400602823 /* AppTabBarController.swift */; };
		EA19D09B21F4165400602823 /* ScheduleViewController.swift in Sources */ = {isa = PBXBuildFile; fileRef = EA19D09A21F4165400602823 /* ScheduleViewController.swift */; };
		EA19D09D21F4166F00602823 /* ScheduleView.swift in Sources */ = {isa = PBXBuildFile; fileRef = EA19D09C21F4166F00602823 /* ScheduleView.swift */; };
		EA19D09F21F417FC00602823 /* MatchTableViewCell.swift in Sources */ = {isa = PBXBuildFile; fileRef = EA19D09E21F417FC00602823 /* MatchTableViewCell.swift */; };
		EA19D0A121F41BD800602823 /* Reusable.swift in Sources */ = {isa = PBXBuildFile; fileRef = EA19D0A021F41BD800602823 /* Reusable.swift */; };
		EA1DE5DE2223D59C00EC8403 /* Log.swift in Sources */ = {isa = PBXBuildFile; fileRef = EA1DE5DD2223D59C00EC8403 /* Log.swift */; };
		EA1DE5E12223D5DC00EC8403 /* Database.swift in Sources */ = {isa = PBXBuildFile; fileRef = EA1DE5E02223D5DC00EC8403 /* Database.swift */; };
		EA5A62B521F54975009CA336 /* StandingsViewController.swift in Sources */ = {isa = PBXBuildFile; fileRef = EA5A62B421F54975009CA336 /* StandingsViewController.swift */; };
		EA5A62B721F54B19009CA336 /* StandingsView.swift in Sources */ = {isa = PBXBuildFile; fileRef = EA5A62B621F54B19009CA336 /* StandingsView.swift */; };
		EA5A62B921F54CC4009CA336 /* StandingTableViewCell.swift in Sources */ = {isa = PBXBuildFile; fileRef = EA5A62B821F54CC4009CA336 /* StandingTableViewCell.swift */; };
		EA5A62BB21F56432009CA336 /* ScheduleAPI.swift in Sources */ = {isa = PBXBuildFile; fileRef = EA5A62BA21F56432009CA336 /* ScheduleAPI.swift */; };
		EA5A62BD21F5644D009CA336 /* StandingsAPI.swift in Sources */ = {isa = PBXBuildFile; fileRef = EA5A62BC21F5644D009CA336 /* StandingsAPI.swift */; };
/* End PBXBuildFile section */

/* Begin PBXContainerItemProxy section */
		EA14462E223E40EE009AD76E /* PBXContainerItemProxy */ = {
			isa = PBXContainerItemProxy;
			containerPortal = EA19D06F21EB2C6900602823 /* Project object */;
			proxyType = 1;
			remoteGlobalIDString = EA14462B223E40EE009AD76E;
			remoteInfo = "FootballScheduleWatch Extension";
		};
		EA14463D223E40EE009AD76E /* PBXContainerItemProxy */ = {
			isa = PBXContainerItemProxy;
			containerPortal = EA19D06F21EB2C6900602823 /* Project object */;
			proxyType = 1;
			remoteGlobalIDString = EA14461F223E40ED009AD76E;
			remoteInfo = FootballScheduleWatch;
		};
/* End PBXContainerItemProxy section */

/* Begin PBXCopyFilesBuildPhase section */
		EA144643223E40EF009AD76E /* Embed App Extensions */ = {
			isa = PBXCopyFilesBuildPhase;
			buildActionMask = 2147483647;
			dstPath = "";
			dstSubfolderSpec = 13;
			files = (
				EA14462D223E40EE009AD76E /* FootballScheduleWatch Extension.appex in Embed App Extensions */,
			);
			name = "Embed App Extensions";
			runOnlyForDeploymentPostprocessing = 0;
		};
		EA144647223E40EF009AD76E /* Embed Watch Content */ = {
			isa = PBXCopyFilesBuildPhase;
			buildActionMask = 2147483647;
			dstPath = "$(CONTENTS_FOLDER_PATH)/Watch";
			dstSubfolderSpec = 16;
			files = (
				EA14463F223E40EE009AD76E /* FootballScheduleWatch.app in Embed Watch Content */,
			);
			name = "Embed Watch Content";
			runOnlyForDeploymentPostprocessing = 0;
		};
/* End PBXCopyFilesBuildPhase section */

/* Begin PBXFileReference section */
		EA144620223E40ED009AD76E /* FootballScheduleWatch.app */ = {isa = PBXFileReference; explicitFileType = wrapper.application; includeInIndex = 0; path = FootballScheduleWatch.app; sourceTree = BUILT_PRODUCTS_DIR; };
		EA144623223E40ED009AD76E /* Base */ = {isa = PBXFileReference; lastKnownFileType = file.storyboard; name = Base; path = Base.lproj/Interface.storyboard; sourceTree = "<group>"; };
		EA144625223E40EE009AD76E /* Assets.xcassets */ = {isa = PBXFileReference; lastKnownFileType = folder.assetcatalog; path = Assets.xcassets; sourceTree = "<group>"; };
		EA144627223E40EE009AD76E /* Info.plist */ = {isa = PBXFileReference; lastKnownFileType = text.plist.xml; path = Info.plist; sourceTree = "<group>"; };
		EA14462C223E40EE009AD76E /* FootballScheduleWatch Extension.appex */ = {isa = PBXFileReference; explicitFileType = "wrapper.app-extension"; includeInIndex = 0; path = "FootballScheduleWatch Extension.appex"; sourceTree = BUILT_PRODUCTS_DIR; };
		EA144631223E40EE009AD76E /* InterfaceController.swift */ = {isa = PBXFileReference; lastKnownFileType = sourcecode.swift; path = InterfaceController.swift; sourceTree = "<group>"; };
		EA144633223E40EE009AD76E /* ExtensionDelegate.swift */ = {isa = PBXFileReference; lastKnownFileType = sourcecode.swift; path = ExtensionDelegate.swift; sourceTree = "<group>"; };
		EA144635223E40EE009AD76E /* NotificationController.swift */ = {isa = PBXFileReference; lastKnownFileType = sourcecode.swift; path = NotificationController.swift; sourceTree = "<group>"; };
		EA144637223E40EE009AD76E /* ComplicationController.swift */ = {isa = PBXFileReference; lastKnownFileType = sourcecode.swift; path = ComplicationController.swift; sourceTree = "<group>"; };
		EA144639223E40EE009AD76E /* Assets.xcassets */ = {isa = PBXFileReference; lastKnownFileType = folder.assetcatalog; path = Assets.xcassets; sourceTree = "<group>"; };
		EA14463B223E40EE009AD76E /* Info.plist */ = {isa = PBXFileReference; lastKnownFileType = text.plist.xml; path = Info.plist; sourceTree = "<group>"; };
		EA14463C223E40EE009AD76E /* PushNotificationPayload.apns */ = {isa = PBXFileReference; lastKnownFileType = text; path = PushNotificationPayload.apns; sourceTree = "<group>"; };
		EA144648223E48CF009AD76E /* StandingRowController.swift */ = {isa = PBXFileReference; lastKnownFileType = sourcecode.swift; path = StandingRowController.swift; sourceTree = "<group>"; };
		EA14465F223EF45B009AD76E /* TeamScheduleViewController.swift */ = {isa = PBXFileReference; lastKnownFileType = sourcecode.swift; path = TeamScheduleViewController.swift; sourceTree = "<group>"; };
		EA144661223F79CD009AD76E /* TeamScheduleAPI.swift */ = {isa = PBXFileReference; lastKnownFileType = sourcecode.swift; path = TeamScheduleAPI.swift; sourceTree = "<group>"; };
		EA17F92121FE785200A8B466 /* ScorersAPI.swift */ = {isa = PBXFileReference; lastKnownFileType = sourcecode.swift; path = ScorersAPI.swift; sourceTree = "<group>"; };
		EA17F92321FE7D9800A8B466 /* ScorersViewController.swift */ = {isa = PBXFileReference; lastKnownFileType = sourcecode.swift; path = ScorersViewController.swift; sourceTree = "<group>"; };
		EA17F92621FE7F9800A8B466 /* Player.swift */ = {isa = PBXFileReference; lastKnownFileType = sourcecode.swift; path = Player.swift; sourceTree = "<group>"; };
		EA17F92821FE7FB200A8B466 /* Scorer.swift */ = {isa = PBXFileReference; lastKnownFileType = sourcecode.swift; path = Scorer.swift; sourceTree = "<group>"; };
		EA17F92A21FE801000A8B466 /* Competition.swift */ = {isa = PBXFileReference; lastKnownFileType = sourcecode.swift; path = Competition.swift; sourceTree = "<group>"; };
		EA17F92C21FE802700A8B466 /* Team.swift */ = {isa = PBXFileReference; lastKnownFileType = sourcecode.swift; path = Team.swift; sourceTree = "<group>"; };
		EA17F92E21FE804700A8B466 /* Match.swift */ = {isa = PBXFileReference; lastKnownFileType = sourcecode.swift; path = Match.swift; sourceTree = "<group>"; };
		EA17F93021FE805F00A8B466 /* Score.swift */ = {isa = PBXFileReference; lastKnownFileType = sourcecode.swift; path = Score.swift; sourceTree = "<group>"; };
		EA17F93221FE807000A8B466 /* MatchResult.swift */ = {isa = PBXFileReference; lastKnownFileType = sourcecode.swift; path = MatchResult.swift; sourceTree = "<group>"; };
		EA17F93421FE811A00A8B466 /* Season.swift */ = {isa = PBXFileReference; lastKnownFileType = sourcecode.swift; path = Season.swift; sourceTree = "<group>"; };
		EA17F93621FE812E00A8B466 /* Standing.swift */ = {isa = PBXFileReference; lastKnownFileType = sourcecode.swift; path = Standing.swift; sourceTree = "<group>"; };
		EA17F93821FE813300A8B466 /* Standings.swift */ = {isa = PBXFileReference; lastKnownFileType = sourcecode.swift; path = Standings.swift; sourceTree = "<group>"; };
		EA17F93A220183F500A8B466 /* ScorersView.swift */ = {isa = PBXFileReference; lastKnownFileType = sourcecode.swift; path = ScorersView.swift; sourceTree = "<group>"; };
		EA17F93C220184DF00A8B466 /* ScorerTableViewCell.swift */ = {isa = PBXFileReference; lastKnownFileType = sourcecode.swift; path = ScorerTableViewCell.swift; sourceTree = "<group>"; };
		EA19D07721EB2C6900602823 /* FootballSchedule.app */ = {isa = PBXFileReference; explicitFileType = wrapper.application; includeInIndex = 0; path = FootballSchedule.app; sourceTree = BUILT_PRODUCTS_DIR; };
		EA19D07A21EB2C6900602823 /* AppDelegate.swift */ = {isa = PBXFileReference; lastKnownFileType = sourcecode.swift; path = AppDelegate.swift; sourceTree = "<group>"; };
		EA19D07C21EB2C6900602823 /* ViewController.swift */ = {isa = PBXFileReference; lastKnownFileType = sourcecode.swift; path = ViewController.swift; sourceTree = "<group>"; };
		EA19D07F21EB2C6900602823 /* Base */ = {isa = PBXFileReference; lastKnownFileType = file.storyboard; name = Base; path = Base.lproj/Main.storyboard; sourceTree = "<group>"; };
		EA19D08121EB2C6D00602823 /* Assets.xcassets */ = {isa = PBXFileReference; lastKnownFileType = folder.assetcatalog; path = Assets.xcassets; sourceTree = "<group>"; };
		EA19D08421EB2C6D00602823 /* Base */ = {isa = PBXFileReference; lastKnownFileType = file.storyboard; name = Base; path = Base.lproj/LaunchScreen.storyboard; sourceTree = "<group>"; };
		EA19D08621EB2C6D00602823 /* Info.plist */ = {isa = PBXFileReference; lastKnownFileType = text.plist.xml; path = Info.plist; sourceTree = "<group>"; };
		EA19D08C21EB2C7B00602823 /* APIClient.swift */ = {isa = PBXFileReference; lastKnownFileType = sourcecode.swift; path = APIClient.swift; sourceTree = "<group>"; };
		EA19D09021F3FC3B00602823 /* APIRequest.swift */ = {isa = PBXFileReference; lastKnownFileType = sourcecode.swift; path = APIRequest.swift; sourceTree = "<group>"; };
		EA19D09221F3FC5700602823 /* Result.swift */ = {isa = PBXFileReference; lastKnownFileType = sourcecode.swift; path = Result.swift; sourceTree = "<group>"; };
		EA19D09421F3FC8A00602823 /* FootballDataRequest.swift */ = {isa = PBXFileReference; lastKnownFileType = sourcecode.swift; path = FootballDataRequest.swift; sourceTree = "<group>"; };
		EA19D09621F411FB00602823 /* FootballDataAuthToken.swift */ = {isa = PBXFileReference; lastKnownFileType = sourcecode.swift; path = FootballDataAuthToken.swift; sourceTree = "<group>"; };
		EA19D09821F4160400602823 /* AppTabBarController.swift */ = {isa = PBXFileReference; lastKnownFileType = sourcecode.swift; path = AppTabBarController.swift; sourceTree = "<group>"; };
		EA19D09A21F4165400602823 /* ScheduleViewController.swift */ = {isa = PBXFileReference; lastKnownFileType = sourcecode.swift; path = ScheduleViewController.swift; sourceTree = "<group>"; };
		EA19D09C21F4166F00602823 /* ScheduleView.swift */ = {isa = PBXFileReference; lastKnownFileType = sourcecode.swift; path = ScheduleView.swift; sourceTree = "<group>"; };
		EA19D09E21F417FC00602823 /* MatchTableViewCell.swift */ = {isa = PBXFileReference; lastKnownFileType = sourcecode.swift; path = MatchTableViewCell.swift; sourceTree = "<group>"; };
		EA19D0A021F41BD800602823 /* Reusable.swift */ = {isa = PBXFileReference; lastKnownFileType = sourcecode.swift; path = Reusable.swift; sourceTree = "<group>"; };
		EA1DE5DD2223D59C00EC8403 /* Log.swift */ = {isa = PBXFileReference; lastKnownFileType = sourcecode.swift; path = Log.swift; sourceTree = "<group>"; };
		EA1DE5E02223D5DC00EC8403 /* Database.swift */ = {isa = PBXFileReference; lastKnownFileType = sourcecode.swift; path = Database.swift; sourceTree = "<group>"; };
		EA5A62B421F54975009CA336 /* StandingsViewController.swift */ = {isa = PBXFileReference; lastKnownFileType = sourcecode.swift; path = StandingsViewController.swift; sourceTree = "<group>"; };
		EA5A62B621F54B19009CA336 /* StandingsView.swift */ = {isa = PBXFileReference; lastKnownFileType = sourcecode.swift; path = StandingsView.swift; sourceTree = "<group>"; };
		EA5A62B821F54CC4009CA336 /* StandingTableViewCell.swift */ = {isa = PBXFileReference; lastKnownFileType = sourcecode.swift; path = StandingTableViewCell.swift; sourceTree = "<group>"; };
		EA5A62BA21F56432009CA336 /* ScheduleAPI.swift */ = {isa = PBXFileReference; lastKnownFileType = sourcecode.swift; path = ScheduleAPI.swift; sourceTree = "<group>"; };
		EA5A62BC21F5644D009CA336 /* StandingsAPI.swift */ = {isa = PBXFileReference; lastKnownFileType = sourcecode.swift; path = StandingsAPI.swift; sourceTree = "<group>"; };
/* End PBXFileReference section */

/* Begin PBXFrameworksBuildPhase section */
		EA144629223E40EE009AD76E /* Frameworks */ = {
			isa = PBXFrameworksBuildPhase;
			buildActionMask = 2147483647;
			files = (
			);
			runOnlyForDeploymentPostprocessing = 0;
		};
		EA19D07421EB2C6900602823 /* Frameworks */ = {
			isa = PBXFrameworksBuildPhase;
			buildActionMask = 2147483647;
			files = (
			);
			runOnlyForDeploymentPostprocessing = 0;
		};
/* End PBXFrameworksBuildPhase section */

/* Begin PBXGroup section */
		EA144621223E40ED009AD76E /* FootballScheduleWatch */ = {
			isa = PBXGroup;
			children = (
				EA144622223E40ED009AD76E /* Interface.storyboard */,
				EA144625223E40EE009AD76E /* Assets.xcassets */,
				EA144627223E40EE009AD76E /* Info.plist */,
			);
			path = FootballScheduleWatch;
			sourceTree = "<group>";
		};
		EA144630223E40EE009AD76E /* FootballScheduleWatch Extension */ = {
			isa = PBXGroup;
			children = (
				EA144631223E40EE009AD76E /* InterfaceController.swift */,
				EA144648223E48CF009AD76E /* StandingRowController.swift */,
				EA144633223E40EE009AD76E /* ExtensionDelegate.swift */,
				EA144635223E40EE009AD76E /* NotificationController.swift */,
				EA144637223E40EE009AD76E /* ComplicationController.swift */,
				EA144639223E40EE009AD76E /* Assets.xcassets */,
				EA14463B223E40EE009AD76E /* Info.plist */,
				EA14463C223E40EE009AD76E /* PushNotificationPayload.apns */,
			);
			path = "FootballScheduleWatch Extension";
			sourceTree = "<group>";
		};
		EA17F92021FE747900A8B466 /* Scorers */ = {
			isa = PBXGroup;
			children = (
				EA17F92121FE785200A8B466 /* ScorersAPI.swift */,
				EA17F93A220183F500A8B466 /* ScorersView.swift */,
				EA17F92321FE7D9800A8B466 /* ScorersViewController.swift */,
				EA17F93C220184DF00A8B466 /* ScorerTableViewCell.swift */,
			);
			path = Scorers;
			sourceTree = "<group>";
		};
		EA17F92521FE7F6900A8B466 /* Models */ = {
			isa = PBXGroup;
			children = (
				EA17F92A21FE801000A8B466 /* Competition.swift */,
				EA17F92E21FE804700A8B466 /* Match.swift */,
				EA17F93221FE807000A8B466 /* MatchResult.swift */,
				EA17F92621FE7F9800A8B466 /* Player.swift */,
				EA17F93021FE805F00A8B466 /* Score.swift */,
				EA17F92821FE7FB200A8B466 /* Scorer.swift */,
				EA17F93421FE811A00A8B466 /* Season.swift */,
				EA17F93621FE812E00A8B466 /* Standing.swift */,
				EA17F93821FE813300A8B466 /* Standings.swift */,
				EA17F92C21FE802700A8B466 /* Team.swift */,
			);
			path = Models;
			sourceTree = "<group>";
		};
		EA19D06E21EB2C6900602823 = {
			isa = PBXGroup;
			children = (
				EA19D07921EB2C6900602823 /* FootballSchedule */,
				EA144621223E40ED009AD76E /* FootballScheduleWatch */,
				EA144630223E40EE009AD76E /* FootballScheduleWatch Extension */,
				EA19D07821EB2C6900602823 /* Products */,
			);
			sourceTree = "<group>";
		};
		EA19D07821EB2C6900602823 /* Products */ = {
			isa = PBXGroup;
			children = (
				EA19D07721EB2C6900602823 /* FootballSchedule.app */,
				EA144620223E40ED009AD76E /* FootballScheduleWatch.app */,
				EA14462C223E40EE009AD76E /* FootballScheduleWatch Extension.appex */,
			);
			name = Products;
			sourceTree = "<group>";
		};
		EA19D07921EB2C6900602823 /* FootballSchedule */ = {
			isa = PBXGroup;
			children = (
				EA19D0A521F5427E00602823 /* Source */,
				EA19D07E21EB2C6900602823 /* Main.storyboard */,
				EA19D08121EB2C6D00602823 /* Assets.xcassets */,
				EA19D08321EB2C6D00602823 /* LaunchScreen.storyboard */,
				EA19D08621EB2C6D00602823 /* Info.plist */,
			);
			path = FootballSchedule;
			sourceTree = "<group>";
		};
		EA19D0A221F5422600602823 /* Network */ = {
			isa = PBXGroup;
			children = (
				EA19D08C21EB2C7B00602823 /* APIClient.swift */,
				EA19D09221F3FC5700602823 /* Result.swift */,
				EA19D09021F3FC3B00602823 /* APIRequest.swift */,
				EA19D09421F3FC8A00602823 /* FootballDataRequest.swift */,
				EA19D09621F411FB00602823 /* FootballDataAuthToken.swift */,
			);
			path = Network;
			sourceTree = "<group>";
		};
		EA19D0A321F5424A00602823 /* Protocols */ = {
			isa = PBXGroup;
			children = (
				EA19D0A021F41BD800602823 /* Reusable.swift */,
			);
			path = Protocols;
			sourceTree = "<group>";
		};
		EA19D0A421F5425C00602823 /* Schedule */ = {
			isa = PBXGroup;
			children = (
				EA5A62BA21F56432009CA336 /* ScheduleAPI.swift */,
				EA19D09C21F4166F00602823 /* ScheduleView.swift */,
				EA19D09A21F4165400602823 /* ScheduleViewController.swift */,
				EA144661223F79CD009AD76E /* TeamScheduleAPI.swift */,
				EA14465F223EF45B009AD76E /* TeamScheduleViewController.swift */,
				EA19D09E21F417FC00602823 /* MatchTableViewCell.swift */,
			);
			path = Schedule;
			sourceTree = "<group>";
		};
		EA19D0A521F5427E00602823 /* Source */ = {
			isa = PBXGroup;
			children = (
				EA1DE5DF2223D5C700EC8403 /* Database */,
				EA1DE5DC2223D59100EC8403 /* Log */,
				EA19D07A21EB2C6900602823 /* AppDelegate.swift */,
				EA19D09821F4160400602823 /* AppTabBarController.swift */,
				EA19D07C21EB2C6900602823 /* ViewController.swift */,
				EA17F92521FE7F6900A8B466 /* Models */,
				EA19D0A421F5425C00602823 /* Schedule */,
				EA17F92021FE747900A8B466 /* Scorers */,
				EA19D0A621F5429D00602823 /* Standings */,
				EA19D0A321F5424A00602823 /* Protocols */,
				EA19D0A221F5422600602823 /* Network */,
			);
			path = Source;
			sourceTree = "<group>";
		};
		EA19D0A621F5429D00602823 /* Standings */ = {
			isa = PBXGroup;
			children = (
				EA5A62BC21F5644D009CA336 /* StandingsAPI.swift */,
				EA5A62B621F54B19009CA336 /* StandingsView.swift */,
				EA5A62B421F54975009CA336 /* StandingsViewController.swift */,
				EA5A62B821F54CC4009CA336 /* StandingTableViewCell.swift */,
			);
			path = Standings;
			sourceTree = "<group>";
		};
		EA1DE5DC2223D59100EC8403 /* Log */ = {
			isa = PBXGroup;
			children = (
				EA1DE5DD2223D59C00EC8403 /* Log.swift */,
			);
			path = Log;
			sourceTree = "<group>";
		};
		EA1DE5DF2223D5C700EC8403 /* Database */ = {
			isa = PBXGroup;
			children = (
				EA1DE5E02223D5DC00EC8403 /* Database.swift */,
			);
			path = Database;
			sourceTree = "<group>";
		};
/* End PBXGroup section */

/* Begin PBXNativeTarget section */
		EA14461F223E40ED009AD76E /* FootballScheduleWatch */ = {
			isa = PBXNativeTarget;
			buildConfigurationList = EA144644223E40EF009AD76E /* Build configuration list for PBXNativeTarget "FootballScheduleWatch" */;
			buildPhases = (
				EA14461E223E40ED009AD76E /* Resources */,
				EA144643223E40EF009AD76E /* Embed App Extensions */,
			);
			buildRules = (
			);
			dependencies = (
				EA14462F223E40EE009AD76E /* PBXTargetDependency */,
			);
			name = FootballScheduleWatch;
			productName = FootballScheduleWatch;
			productReference = EA144620223E40ED009AD76E /* FootballScheduleWatch.app */;
			productType = "com.apple.product-type.application.watchapp2";
		};
		EA14462B223E40EE009AD76E /* FootballScheduleWatch Extension */ = {
			isa = PBXNativeTarget;
			buildConfigurationList = EA144640223E40EF009AD76E /* Build configuration list for PBXNativeTarget "FootballScheduleWatch Extension" */;
			buildPhases = (
				EA144628223E40EE009AD76E /* Sources */,
				EA144629223E40EE009AD76E /* Frameworks */,
				EA14462A223E40EE009AD76E /* Resources */,
			);
			buildRules = (
			);
			dependencies = (
			);
			name = "FootballScheduleWatch Extension";
			productName = "FootballScheduleWatch Extension";
			productReference = EA14462C223E40EE009AD76E /* FootballScheduleWatch Extension.appex */;
			productType = "com.apple.product-type.watchkit2-extension";
		};
		EA19D07621EB2C6900602823 /* FootballSchedule */ = {
			isa = PBXNativeTarget;
			buildConfigurationList = EA19D08921EB2C6D00602823 /* Build configuration list for PBXNativeTarget "FootballSchedule" */;
			buildPhases = (
				EA19D07321EB2C6900602823 /* Sources */,
				EA19D07421EB2C6900602823 /* Frameworks */,
				EA19D07521EB2C6900602823 /* Resources */,
				EA144647223E40EF009AD76E /* Embed Watch Content */,
			);
			buildRules = (
			);
			dependencies = (
				EA14463E223E40EE009AD76E /* PBXTargetDependency */,
			);
			name = FootballSchedule;
			productName = "Football Schedule";
			productReference = EA19D07721EB2C6900602823 /* FootballSchedule.app */;
			productType = "com.apple.product-type.application";
		};
/* End PBXNativeTarget section */

/* Begin PBXProject section */
		EA19D06F21EB2C6900602823 /* Project object */ = {
			isa = PBXProject;
			attributes = {
				LastSwiftUpdateCheck = 1010;
				LastUpgradeCheck = 1010;
				ORGANIZATIONNAME = "Tony Albor";
				TargetAttributes = {
					EA14461F223E40ED009AD76E = {
						CreatedOnToolsVersion = 10.1;
					};
					EA14462B223E40EE009AD76E = {
						CreatedOnToolsVersion = 10.1;
					};
					EA19D07621EB2C6900602823 = {
						CreatedOnToolsVersion = 10.1;
					};
				};
			};
			buildConfigurationList = EA19D07221EB2C6900602823 /* Build configuration list for PBXProject "FootballSchedule" */;
			compatibilityVersion = "Xcode 9.3";
			developmentRegion = en;
			hasScannedForEncodings = 0;
			knownRegions = (
				en,
				Base,
			);
			mainGroup = EA19D06E21EB2C6900602823;
			productRefGroup = EA19D07821EB2C6900602823 /* Products */;
			projectDirPath = "";
			projectRoot = "";
			targets = (
				EA19D07621EB2C6900602823 /* FootballSchedule */,
				EA14461F223E40ED009AD76E /* FootballScheduleWatch */,
				EA14462B223E40EE009AD76E /* FootballScheduleWatch Extension */,
			);
		};
/* End PBXProject section */

/* Begin PBXResourcesBuildPhase section */
		EA14461E223E40ED009AD76E /* Resources */ = {
			isa = PBXResourcesBuildPhase;
			buildActionMask = 2147483647;
			files = (
				EA144626223E40EE009AD76E /* Assets.xcassets in Resources */,
				EA144624223E40ED009AD76E /* Interface.storyboard in Resources */,
			);
			runOnlyForDeploymentPostprocessing = 0;
		};
		EA14462A223E40EE009AD76E /* Resources */ = {
			isa = PBXResourcesBuildPhase;
			buildActionMask = 2147483647;
			files = (
				EA14463A223E40EE009AD76E /* Assets.xcassets in Resources */,
			);
			runOnlyForDeploymentPostprocessing = 0;
		};
		EA19D07521EB2C6900602823 /* Resources */ = {
			isa = PBXResourcesBuildPhase;
			buildActionMask = 2147483647;
			files = (
				EA19D08521EB2C6D00602823 /* LaunchScreen.storyboard in Resources */,
				EA19D08221EB2C6D00602823 /* Assets.xcassets in Resources */,
				EA19D08021EB2C6900602823 /* Main.storyboard in Resources */,
			);
			runOnlyForDeploymentPostprocessing = 0;
		};
/* End PBXResourcesBuildPhase section */

/* Begin PBXSourcesBuildPhase section */
		EA144628223E40EE009AD76E /* Sources */ = {
			isa = PBXSourcesBuildPhase;
			buildActionMask = 2147483647;
			files = (
				EA14464B223E4C01009AD76E /* Database.swift in Sources */,
				EA14464C223E4C01009AD76E /* Log.swift in Sources */,
				EA144663223F79CD009AD76E /* TeamScheduleAPI.swift in Sources */,
				EA14464D223E4C01009AD76E /* Competition.swift in Sources */,
				EA14464E223E4C01009AD76E /* Match.swift in Sources */,
				EA14464F223E4C01009AD76E /* MatchResult.swift in Sources */,
				EA144650223E4C01009AD76E /* Player.swift in Sources */,
				EA144651223E4C01009AD76E /* Score.swift in Sources */,
				EA144652223E4C01009AD76E /* Scorer.swift in Sources */,
				EA144653223E4C01009AD76E /* Season.swift in Sources */,
				EA144654223E4C01009AD76E /* Standing.swift in Sources */,
				EA144655223E4C01009AD76E /* Standings.swift in Sources */,
				EA144656223E4C01009AD76E /* Team.swift in Sources */,
				EA144657223E4C01009AD76E /* ScheduleAPI.swift in Sources */,
				EA144658223E4C01009AD76E /* ScorersAPI.swift in Sources */,
				EA144659223E4C01009AD76E /* StandingsAPI.swift in Sources */,
				EA14465A223E4C01009AD76E /* APIClient.swift in Sources */,
				EA14465B223E4C01009AD76E /* Result.swift in Sources */,
				EA14465C223E4C01009AD76E /* APIRequest.swift in Sources */,
				EA14465D223E4C01009AD76E /* FootballDataRequest.swift in Sources */,
				EA14465E223E4C01009AD76E /* FootballDataAuthToken.swift in Sources */,
				EA144636223E40EE009AD76E /* NotificationController.swift in Sources */,
				EA144638223E40EE009AD76E /* ComplicationController.swift in Sources */,
				EA144634223E40EE009AD76E /* ExtensionDelegate.swift in Sources */,
				EA144649223E48CF009AD76E /* StandingRowController.swift in Sources */,
				EA144632223E40EE009AD76E /* InterfaceController.swift in Sources */,
			);
			runOnlyForDeploymentPostprocessing = 0;
		};
		EA19D07321EB2C6900602823 /* Sources */ = {
			isa = PBXSourcesBuildPhase;
			buildActionMask = 2147483647;
			files = (
				EA17F93D220184DF00A8B466 /* ScorerTableViewCell.swift in Sources */,
				EA17F92721FE7F9800A8B466 /* Player.swift in Sources */,
				EA19D09321F3FC5700602823 /* Result.swift in Sources */,
				EA5A62B521F54975009CA336 /* StandingsViewController.swift in Sources */,
				EA5A62B921F54CC4009CA336 /* StandingTableViewCell.swift in Sources */,
				EA17F93B220183F500A8B466 /* ScorersView.swift in Sources */,
				EA1DE5DE2223D59C00EC8403 /* Log.swift in Sources */,
				EA17F93721FE812E00A8B466 /* Standing.swift in Sources */,
				EA17F93321FE807000A8B466 /* MatchResult.swift in Sources */,
				EA19D07D21EB2C6900602823 /* ViewController.swift in Sources */,
				EA19D09721F411FB00602823 /* FootballDataAuthToken.swift in Sources */,
				EA17F93121FE805F00A8B466 /* Score.swift in Sources */,
				EA1DE5E12223D5DC00EC8403 /* Database.swift in Sources */,
				EA17F92B21FE801000A8B466 /* Competition.swift in Sources */,
				EA5A62BB21F56432009CA336 /* ScheduleAPI.swift in Sources */,
				EA17F92F21FE804700A8B466 /* Match.swift in Sources */,
				EA17F93521FE811A00A8B466 /* Season.swift in Sources */,
				EA19D07B21EB2C6900602823 /* AppDelegate.swift in Sources */,
				EA19D09521F3FC8A00602823 /* FootballDataRequest.swift in Sources */,
				EA19D09B21F4165400602823 /* ScheduleViewController.swift in Sources */,
				EA17F92221FE785200A8B466 /* ScorersAPI.swift in Sources */,
				EA17F92D21FE802700A8B466 /* Team.swift in Sources */,
				EA144662223F79CD009AD76E /* TeamScheduleAPI.swift in Sources */,
				EA144660223EF45B009AD76E /* TeamScheduleViewController.swift in Sources */,
				EA19D0A121F41BD800602823 /* Reusable.swift in Sources */,
				EA19D09921F4160400602823 /* AppTabBarController.swift in Sources */,
				EA19D09F21F417FC00602823 /* MatchTableViewCell.swift in Sources */,
				EA5A62BD21F5644D009CA336 /* StandingsAPI.swift in Sources */,
				EA17F93921FE813300A8B466 /* Standings.swift in Sources */,
				EA17F92421FE7D9800A8B466 /* ScorersViewController.swift in Sources */,
				EA19D08D21EB2C7B00602823 /* APIClient.swift in Sources */,
				EA19D09121F3FC3B00602823 /* APIRequest.swift in Sources */,
				EA19D09D21F4166F00602823 /* ScheduleView.swift in Sources */,
				EA5A62B721F54B19009CA336 /* StandingsView.swift in Sources */,
				EA17F92921FE7FB200A8B466 /* Scorer.swift in Sources */,
			);
			runOnlyForDeploymentPostprocessing = 0;
		};
/* End PBXSourcesBuildPhase section */

/* Begin PBXTargetDependency section */
		EA14462F223E40EE009AD76E /* PBXTargetDependency */ = {
			isa = PBXTargetDependency;
			target = EA14462B223E40EE009AD76E /* FootballScheduleWatch Extension */;
			targetProxy = EA14462E223E40EE009AD76E /* PBXContainerItemProxy */;
		};
		EA14463E223E40EE009AD76E /* PBXTargetDependency */ = {
			isa = PBXTargetDependency;
			target = EA14461F223E40ED009AD76E /* FootballScheduleWatch */;
			targetProxy = EA14463D223E40EE009AD76E /* PBXContainerItemProxy */;
		};
/* End PBXTargetDependency section */

/* Begin PBXVariantGroup section */
		EA144622223E40ED009AD76E /* Interface.storyboard */ = {
			isa = PBXVariantGroup;
			children = (
				EA144623223E40ED009AD76E /* Base */,
			);
			name = Interface.storyboard;
			sourceTree = "<group>";
		};
		EA19D07E21EB2C6900602823 /* Main.storyboard */ = {
			isa = PBXVariantGroup;
			children = (
				EA19D07F21EB2C6900602823 /* Base */,
			);
			name = Main.storyboard;
			sourceTree = "<group>";
		};
		EA19D08321EB2C6D00602823 /* LaunchScreen.storyboard */ = {
			isa = PBXVariantGroup;
			children = (
				EA19D08421EB2C6D00602823 /* Base */,
			);
			name = LaunchScreen.storyboard;
			sourceTree = "<group>";
		};
/* End PBXVariantGroup section */

/* Begin XCBuildConfiguration section */
		EA144641223E40EF009AD76E /* Debug */ = {
			isa = XCBuildConfiguration;
			buildSettings = {
				ASSETCATALOG_COMPILER_COMPLICATION_NAME = Complication;
				CODE_SIGN_STYLE = Automatic;
				DEVELOPMENT_TEAM = 998B9U96MF;
				INFOPLIST_FILE = "FootballScheduleWatch Extension/Info.plist";
				LD_RUNPATH_SEARCH_PATHS = (
					"$(inherited)",
					"@executable_path/Frameworks",
					"@executable_path/../../Frameworks",
				);
				PRODUCT_BUNDLE_IDENTIFIER = "com.tonyalbor.Football-Schedule.watchkitapp.watchkitextension";
				PRODUCT_NAME = "${TARGET_NAME}";
				SDKROOT = watchos;
				SKIP_INSTALL = YES;
				SWIFT_VERSION = 4.2;
				TARGETED_DEVICE_FAMILY = 4;
				WATCHOS_DEPLOYMENT_TARGET = 5.1;
			};
			name = Debug;
		};
		EA144642223E40EF009AD76E /* Release */ = {
			isa = XCBuildConfiguration;
			buildSettings = {
				ASSETCATALOG_COMPILER_COMPLICATION_NAME = Complication;
				CODE_SIGN_STYLE = Automatic;
				DEVELOPMENT_TEAM = 998B9U96MF;
				INFOPLIST_FILE = "FootballScheduleWatch Extension/Info.plist";
				LD_RUNPATH_SEARCH_PATHS = (
					"$(inherited)",
					"@executable_path/Frameworks",
					"@executable_path/../../Frameworks",
				);
				PRODUCT_BUNDLE_IDENTIFIER = "com.tonyalbor.Football-Schedule.watchkitapp.watchkitextension";
				PRODUCT_NAME = "${TARGET_NAME}";
				SDKROOT = watchos;
				SKIP_INSTALL = YES;
				SWIFT_VERSION = 4.2;
				TARGETED_DEVICE_FAMILY = 4;
				WATCHOS_DEPLOYMENT_TARGET = 5.1;
			};
			name = Release;
		};
		EA144645223E40EF009AD76E /* Debug */ = {
			isa = XCBuildConfiguration;
			buildSettings = {
				ALWAYS_EMBED_SWIFT_STANDARD_LIBRARIES = YES;
				ASSETCATALOG_COMPILER_APPICON_NAME = AppIcon;
				CODE_SIGN_STYLE = Automatic;
				DEVELOPMENT_TEAM = 998B9U96MF;
				IBSC_MODULE = FootballScheduleWatch_Extension;
				INFOPLIST_FILE = FootballScheduleWatch/Info.plist;
				PRODUCT_BUNDLE_IDENTIFIER = "com.tonyalbor.Football-Schedule.watchkitapp";
				PRODUCT_NAME = "$(TARGET_NAME)";
				SDKROOT = watchos;
				SKIP_INSTALL = YES;
				SWIFT_VERSION = 4.2;
				TARGETED_DEVICE_FAMILY = 4;
				WATCHOS_DEPLOYMENT_TARGET = 5.1;
			};
			name = Debug;
		};
		EA144646223E40EF009AD76E /* Release */ = {
			isa = XCBuildConfiguration;
			buildSettings = {
				ALWAYS_EMBED_SWIFT_STANDARD_LIBRARIES = YES;
				ASSETCATALOG_COMPILER_APPICON_NAME = AppIcon;
				CODE_SIGN_STYLE = Automatic;
				DEVELOPMENT_TEAM = 998B9U96MF;
				IBSC_MODULE = FootballScheduleWatch_Extension;
				INFOPLIST_FILE = FootballScheduleWatch/Info.plist;
				PRODUCT_BUNDLE_IDENTIFIER = "com.tonyalbor.Football-Schedule.watchkitapp";
				PRODUCT_NAME = "$(TARGET_NAME)";
				SDKROOT = watchos;
				SKIP_INSTALL = YES;
				SWIFT_VERSION = 4.2;
				TARGETED_DEVICE_FAMILY = 4;
				WATCHOS_DEPLOYMENT_TARGET = 5.1;
			};
			name = Release;
		};
		EA19D08721EB2C6D00602823 /* Debug */ = {
			isa = XCBuildConfiguration;
			buildSettings = {
				ALWAYS_SEARCH_USER_PATHS = NO;
				CLANG_ANALYZER_NONNULL = YES;
				CLANG_ANALYZER_NUMBER_OBJECT_CONVERSION = YES_AGGRESSIVE;
				CLANG_CXX_LANGUAGE_STANDARD = "gnu++14";
				CLANG_CXX_LIBRARY = "libc++";
				CLANG_ENABLE_MODULES = YES;
				CLANG_ENABLE_OBJC_ARC = YES;
				CLANG_ENABLE_OBJC_WEAK = YES;
				CLANG_WARN_BLOCK_CAPTURE_AUTORELEASING = YES;
				CLANG_WARN_BOOL_CONVERSION = YES;
				CLANG_WARN_COMMA = YES;
				CLANG_WARN_CONSTANT_CONVERSION = YES;
				CLANG_WARN_DEPRECATED_OBJC_IMPLEMENTATIONS = YES;
				CLANG_WARN_DIRECT_OBJC_ISA_USAGE = YES_ERROR;
				CLANG_WARN_DOCUMENTATION_COMMENTS = YES;
				CLANG_WARN_EMPTY_BODY = YES;
				CLANG_WARN_ENUM_CONVERSION = YES;
				CLANG_WARN_INFINITE_RECURSION = YES;
				CLANG_WARN_INT_CONVERSION = YES;
				CLANG_WARN_NON_LITERAL_NULL_CONVERSION = YES;
				CLANG_WARN_OBJC_IMPLICIT_RETAIN_SELF = YES;
				CLANG_WARN_OBJC_LITERAL_CONVERSION = YES;
				CLANG_WARN_OBJC_ROOT_CLASS = YES_ERROR;
				CLANG_WARN_RANGE_LOOP_ANALYSIS = YES;
				CLANG_WARN_STRICT_PROTOTYPES = YES;
				CLANG_WARN_SUSPICIOUS_MOVE = YES;
				CLANG_WARN_UNGUARDED_AVAILABILITY = YES_AGGRESSIVE;
				CLANG_WARN_UNREACHABLE_CODE = YES;
				CLANG_WARN__DUPLICATE_METHOD_MATCH = YES;
				CODE_SIGN_IDENTITY = "iPhone Developer";
				COPY_PHASE_STRIP = NO;
				DEBUG_INFORMATION_FORMAT = dwarf;
				ENABLE_STRICT_OBJC_MSGSEND = YES;
				ENABLE_TESTABILITY = YES;
				GCC_C_LANGUAGE_STANDARD = gnu11;
				GCC_DYNAMIC_NO_PIC = NO;
				GCC_NO_COMMON_BLOCKS = YES;
				GCC_OPTIMIZATION_LEVEL = 0;
				GCC_PREPROCESSOR_DEFINITIONS = (
					"DEBUG=1",
					"$(inherited)",
				);
				GCC_WARN_64_TO_32_BIT_CONVERSION = YES;
				GCC_WARN_ABOUT_RETURN_TYPE = YES_ERROR;
				GCC_WARN_UNDECLARED_SELECTOR = YES;
				GCC_WARN_UNINITIALIZED_AUTOS = YES_AGGRESSIVE;
				GCC_WARN_UNUSED_FUNCTION = YES;
				GCC_WARN_UNUSED_VARIABLE = YES;
				IPHONEOS_DEPLOYMENT_TARGET = 12.1;
				MTL_ENABLE_DEBUG_INFO = INCLUDE_SOURCE;
				MTL_FAST_MATH = YES;
				ONLY_ACTIVE_ARCH = YES;
				SDKROOT = iphoneos;
				SWIFT_ACTIVE_COMPILATION_CONDITIONS = DEBUG;
				SWIFT_OPTIMIZATION_LEVEL = "-Onone";
			};
			name = Debug;
		};
		EA19D08821EB2C6D00602823 /* Release */ = {
			isa = XCBuildConfiguration;
			buildSettings = {
				ALWAYS_SEARCH_USER_PATHS = NO;
				CLANG_ANALYZER_NONNULL = YES;
				CLANG_ANALYZER_NUMBER_OBJECT_CONVERSION = YES_AGGRESSIVE;
				CLANG_CXX_LANGUAGE_STANDARD = "gnu++14";
				CLANG_CXX_LIBRARY = "libc++";
				CLANG_ENABLE_MODULES = YES;
				CLANG_ENABLE_OBJC_ARC = YES;
				CLANG_ENABLE_OBJC_WEAK = YES;
				CLANG_WARN_BLOCK_CAPTURE_AUTORELEASING = YES;
				CLANG_WARN_BOOL_CONVERSION = YES;
				CLANG_WARN_COMMA = YES;
				CLANG_WARN_CONSTANT_CONVERSION = YES;
				CLANG_WARN_DEPRECATED_OBJC_IMPLEMENTATIONS = YES;
				CLANG_WARN_DIRECT_OBJC_ISA_USAGE = YES_ERROR;
				CLANG_WARN_DOCUMENTATION_COMMENTS = YES;
				CLANG_WARN_EMPTY_BODY = YES;
				CLANG_WARN_ENUM_CONVERSION = YES;
				CLANG_WARN_INFINITE_RECURSION = YES;
				CLANG_WARN_INT_CONVERSION = YES;
				CLANG_WARN_NON_LITERAL_NULL_CONVERSION = YES;
				CLANG_WARN_OBJC_IMPLICIT_RETAIN_SELF = YES;
				CLANG_WARN_OBJC_LITERAL_CONVERSION = YES;
				CLANG_WARN_OBJC_ROOT_CLASS = YES_ERROR;
				CLANG_WARN_RANGE_LOOP_ANALYSIS = YES;
				CLANG_WARN_STRICT_PROTOTYPES = YES;
				CLANG_WARN_SUSPICIOUS_MOVE = YES;
				CLANG_WARN_UNGUARDED_AVAILABILITY = YES_AGGRESSIVE;
				CLANG_WARN_UNREACHABLE_CODE = YES;
				CLANG_WARN__DUPLICATE_METHOD_MATCH = YES;
				CODE_SIGN_IDENTITY = "iPhone Developer";
				COPY_PHASE_STRIP = NO;
				DEBUG_INFORMATION_FORMAT = "dwarf-with-dsym";
				ENABLE_NS_ASSERTIONS = NO;
				ENABLE_STRICT_OBJC_MSGSEND = YES;
				GCC_C_LANGUAGE_STANDARD = gnu11;
				GCC_NO_COMMON_BLOCKS = YES;
				GCC_WARN_64_TO_32_BIT_CONVERSION = YES;
				GCC_WARN_ABOUT_RETURN_TYPE = YES_ERROR;
				GCC_WARN_UNDECLARED_SELECTOR = YES;
				GCC_WARN_UNINITIALIZED_AUTOS = YES_AGGRESSIVE;
				GCC_WARN_UNUSED_FUNCTION = YES;
				GCC_WARN_UNUSED_VARIABLE = YES;
				IPHONEOS_DEPLOYMENT_TARGET = 12.1;
				MTL_ENABLE_DEBUG_INFO = NO;
				MTL_FAST_MATH = YES;
				SDKROOT = iphoneos;
				SWIFT_COMPILATION_MODE = wholemodule;
				SWIFT_OPTIMIZATION_LEVEL = "-O";
				VALIDATE_PRODUCT = YES;
			};
			name = Release;
		};
		EA19D08A21EB2C6D00602823 /* Debug */ = {
			isa = XCBuildConfiguration;
			buildSettings = {
				ASSETCATALOG_COMPILER_APPICON_NAME = AppIcon;
				CODE_SIGN_STYLE = Automatic;
				DEVELOPMENT_TEAM = 998B9U96MF;
				INFOPLIST_FILE = "$(SRCROOT)/FootballSchedule/Info.plist";
				LD_RUNPATH_SEARCH_PATHS = (
					"$(inherited)",
					"@executable_path/Frameworks",
				);
				PRODUCT_BUNDLE_IDENTIFIER = "com.tonyalbor.Football-Schedule";
				PRODUCT_NAME = "$(TARGET_NAME)";
				SWIFT_VERSION = 4.2;
				TARGETED_DEVICE_FAMILY = "1,2";
			};
			name = Debug;
		};
		EA19D08B21EB2C6D00602823 /* Release */ = {
			isa = XCBuildConfiguration;
			buildSettings = {
				ASSETCATALOG_COMPILER_APPICON_NAME = AppIcon;
				CODE_SIGN_STYLE = Automatic;
				DEVELOPMENT_TEAM = 998B9U96MF;
				INFOPLIST_FILE = "$(SRCROOT)/FootballSchedule/Info.plist";
				LD_RUNPATH_SEARCH_PATHS = (
					"$(inherited)",
					"@executable_path/Frameworks",
				);
				PRODUCT_BUNDLE_IDENTIFIER = "com.tonyalbor.Football-Schedule";
				PRODUCT_NAME = "$(TARGET_NAME)";
				SWIFT_VERSION = 4.2;
				TARGETED_DEVICE_FAMILY = "1,2";
			};
			name = Release;
		};
/* End XCBuildConfiguration section */

/* Begin XCConfigurationList section */
		EA144640223E40EF009AD76E /* Build configuration list for PBXNativeTarget "FootballScheduleWatch Extension" */ = {
			isa = XCConfigurationList;
			buildConfigurations = (
				EA144641223E40EF009AD76E /* Debug */,
				EA144642223E40EF009AD76E /* Release */,
			);
			defaultConfigurationIsVisible = 0;
			defaultConfigurationName = Release;
		};
		EA144644223E40EF009AD76E /* Build configuration list for PBXNativeTarget "FootballScheduleWatch" */ = {
			isa = XCConfigurationList;
			buildConfigurations = (
				EA144645223E40EF009AD76E /* Debug */,
				EA144646223E40EF009AD76E /* Release */,
			);
			defaultConfigurationIsVisible = 0;
			defaultConfigurationName = Release;
		};
		EA19D07221EB2C6900602823 /* Build configuration list for PBXProject "FootballSchedule" */ = {
			isa = XCConfigurationList;
			buildConfigurations = (
				EA19D08721EB2C6D00602823 /* Debug */,
				EA19D08821EB2C6D00602823 /* Release */,
			);
			defaultConfigurationIsVisible = 0;
			defaultConfigurationName = Release;
		};
		EA19D08921EB2C6D00602823 /* Build configuration list for PBXNativeTarget "FootballSchedule" */ = {
			isa = XCConfigurationList;
			buildConfigurations = (
				EA19D08A21EB2C6D00602823 /* Debug */,
				EA19D08B21EB2C6D00602823 /* Release */,
			);
			defaultConfigurationIsVisible = 0;
			defaultConfigurationName = Release;
		};
/* End XCConfigurationList section */
	};
	rootObject = EA19D06F21EB2C6900602823 /* Project object */;
}
